
Microsoft Visual Studio Solution File, Format Version 12.00
# Visual Studio Version 16
VisualStudioVersion = 16.0.31624.102
MinimumVisualStudioVersion = 10.0.40219.1
Project("{FAE04EC0-301F-11D3-BF4B-00C04F79EFBC}") = "05 For", "05 For.csproj", "{ECF640F4-7065-4326-8E61-45CAD314E5DC}"
EndProject
Global
	GlobalSection(SolutionConfigurationPlatforms) = preSolution
		Debug|Any CPU = Debug|Any CPU
		Release|Any CPU = Release|Any CPU
	EndGlobalSection
	GlobalSection(ProjectConfigurationPlatforms) = postSolution
		{ECF640F4-7065-4326-8E61-45CAD314E5DC}.Debug|Any CPU.ActiveCfg = Debug|Any CPU
		{ECF640F4-7065-4326-8E61-45CAD314E5DC}.Debug|Any CPU.Build.0 = Debug|Any CPU
		{ECF640F4-7065-4326-8E61-45CAD314E5DC}.Release|Any CPU.ActiveCfg = Release|Any CPU
		{ECF640F4-7065-4326-8E61-45CAD314E5DC}.Release|Any CPU.Build.0 = Release|Any CPU
	EndGlobalSection
	GlobalSection(SolutionProperties) = preSolution
		HideSolutionNode = FALSE
	EndGlobalSection
	GlobalSection(ExtensibilityGlobals) = postSolution
		SolutionGuid = {60768B11-5D8D-48E9-812A-3F2238F0EFE8}
	EndGlobalSection
EndGlobal
